// !$*UTF8*$!
{
	archiveVersion = 1;
	classes = {
	};
	objectVersion = 46;
	objects = {

/* Begin PBXBuildFile section */
		35127D101BF8B1060087A170 /* DataPersistence.swift in Sources */ = {isa = PBXBuildFile; fileRef = 35127D0F1BF8B1060087A170 /* DataPersistence.swift */; };
		35127D151BF9E8340087A170 /* TableHelperViewController.swift in Sources */ = {isa = PBXBuildFile; fileRef = 35127D141BF9E8340087A170 /* TableHelperViewController.swift */; };
		35127D181BFA4AF60087A170 /* Utility.swift in Sources */ = {isa = PBXBuildFile; fileRef = 35127D171BFA4AF60087A170 /* Utility.swift */; };
		356368651BFCC84900C1711E /* CategoryLine.swift in Sources */ = {isa = PBXBuildFile; fileRef = 356368641BFCC84900C1711E /* CategoryLine.swift */; };
		35730B5E1BF2542D008277ED /* DetailTableViewCell.swift in Sources */ = {isa = PBXBuildFile; fileRef = 35730B5D1BF2542D008277ED /* DetailTableViewCell.swift */; };
		357CBBD41BFD875D00EC4775 /* StageTableViewCell.swift in Sources */ = {isa = PBXBuildFile; fileRef = 357CBBD31BFD875D00EC4775 /* StageTableViewCell.swift */; };
		357CBBD61BFDAAA600EC4775 /* StageData.swift in Sources */ = {isa = PBXBuildFile; fileRef = 357CBBD51BFDAAA600EC4775 /* StageData.swift */; };
		3586CBE51BFC746200EA7977 /* Lifecycle_Category+CoreDataProperties.swift in Sources */ = {isa = PBXBuildFile; fileRef = 3586CBCF1BFC746200EA7977 /* Lifecycle_Category+CoreDataProperties.swift */; };
		3586CBE61BFC746200EA7977 /* Lifecycle_Category.swift in Sources */ = {isa = PBXBuildFile; fileRef = 3586CBD01BFC746200EA7977 /* Lifecycle_Category.swift */; };
		3586CBE71BFC746200EA7977 /* ProductionDocuments+CoreDataProperties.swift in Sources */ = {isa = PBXBuildFile; fileRef = 3586CBD11BFC746200EA7977 /* ProductionDocuments+CoreDataProperties.swift */; };
		3586CBE81BFC746200EA7977 /* ProductionDocuments.swift in Sources */ = {isa = PBXBuildFile; fileRef = 3586CBD21BFC746200EA7977 /* ProductionDocuments.swift */; };
		3586CBE91BFC746200EA7977 /* Category+CoreDataProperties.swift in Sources */ = {isa = PBXBuildFile; fileRef = 3586CBD31BFC746200EA7977 /* Category+CoreDataProperties.swift */; };
		3586CBEA1BFC746200EA7977 /* Category.swift in Sources */ = {isa = PBXBuildFile; fileRef = 3586CBD41BFC746200EA7977 /* Category.swift */; };
		3586CBEB1BFC746200EA7977 /* LifeCycle+CoreDataProperties.swift in Sources */ = {isa = PBXBuildFile; fileRef = 3586CBD51BFC746200EA7977 /* LifeCycle+CoreDataProperties.swift */; };
		3586CBEC1BFC746200EA7977 /* LifeCycle.swift in Sources */ = {isa = PBXBuildFile; fileRef = 3586CBD61BFC746200EA7977 /* LifeCycle.swift */; };
		3586CBED1BFC746200EA7977 /* RoutingDetails+CoreDataProperties.swift in Sources */ = {isa = PBXBuildFile; fileRef = 3586CBD71BFC746200EA7977 /* RoutingDetails+CoreDataProperties.swift */; };
		3586CBEE1BFC746200EA7977 /* RoutingDetails.swift in Sources */ = {isa = PBXBuildFile; fileRef = 3586CBD81BFC746200EA7977 /* RoutingDetails.swift */; };
		3586CBEF1BFC746200EA7977 /* Users_AccessGroup+CoreDataProperties.swift in Sources */ = {isa = PBXBuildFile; fileRef = 3586CBD91BFC746200EA7977 /* Users_AccessGroup+CoreDataProperties.swift */; };
		3586CBF01BFC746200EA7977 /* Users_AccessGroup.swift in Sources */ = {isa = PBXBuildFile; fileRef = 3586CBDA1BFC746200EA7977 /* Users_AccessGroup.swift */; };
		3586CBF11BFC746200EA7977 /* Users_Documents+CoreDataProperties.swift in Sources */ = {isa = PBXBuildFile; fileRef = 3586CBDB1BFC746200EA7977 /* Users_Documents+CoreDataProperties.swift */; };
		3586CBF21BFC746200EA7977 /* Users_Documents.swift in Sources */ = {isa = PBXBuildFile; fileRef = 3586CBDC1BFC746200EA7977 /* Users_Documents.swift */; };
		3586CBF31BFC746200EA7977 /* Users+CoreDataProperties.swift in Sources */ = {isa = PBXBuildFile; fileRef = 3586CBDD1BFC746200EA7977 /* Users+CoreDataProperties.swift */; };
		3586CBF41BFC746200EA7977 /* Users.swift in Sources */ = {isa = PBXBuildFile; fileRef = 3586CBDE1BFC746200EA7977 /* Users.swift */; };
		3586CBF51BFC746200EA7977 /* AccessGroup+CoreDataProperties.swift in Sources */ = {isa = PBXBuildFile; fileRef = 3586CBDF1BFC746200EA7977 /* AccessGroup+CoreDataProperties.swift */; };
		3586CBF61BFC746200EA7977 /* AccessGroup.swift in Sources */ = {isa = PBXBuildFile; fileRef = 3586CBE01BFC746200EA7977 /* AccessGroup.swift */; };
		3586CBF71BFC746200EA7977 /* Stages_AccessGroup+CoreDataProperties.swift in Sources */ = {isa = PBXBuildFile; fileRef = 3586CBE11BFC746200EA7977 /* Stages_AccessGroup+CoreDataProperties.swift */; };
		3586CBF81BFC746200EA7977 /* Stages_AccessGroup.swift in Sources */ = {isa = PBXBuildFile; fileRef = 3586CBE21BFC746200EA7977 /* Stages_AccessGroup.swift */; };
		3586CBF91BFC746200EA7977 /* LifeCycle_Stages+CoreDataProperties.swift in Sources */ = {isa = PBXBuildFile; fileRef = 3586CBE31BFC746200EA7977 /* LifeCycle_Stages+CoreDataProperties.swift */; };
		3586CBFA1BFC746200EA7977 /* LifeCycle_Stages.swift in Sources */ = {isa = PBXBuildFile; fileRef = 3586CBE41BFC746200EA7977 /* LifeCycle_Stages.swift */; };
		35D9E95A1BF4F8F9009E531B /* DocViewerController.swift in Sources */ = {isa = PBXBuildFile; fileRef = 35D9E9591BF4F8F9009E531B /* DocViewerController.swift */; };
		35D9E95C1BF4FE76009E531B /* finance.pdf in Resources */ = {isa = PBXBuildFile; fileRef = 35D9E95B1BF4FE76009E531B /* finance.pdf */; };
		35D9E9601BF5035B009E531B /* InfoTableViewController.swift in Sources */ = {isa = PBXBuildFile; fileRef = 35D9E95F1BF5035B009E531B /* InfoTableViewController.swift */; };
		35E733C11BF1E35B00815755 /* AppDelegate.swift in Sources */ = {isa = PBXBuildFile; fileRef = 35E733C01BF1E35B00815755 /* AppDelegate.swift */; };
		35E733C61BF1E35B00815755 /* Main.storyboard in Resources */ = {isa = PBXBuildFile; fileRef = 35E733C41BF1E35B00815755 /* Main.storyboard */; };
		35E733C91BF1E35B00815755 /* DMS.xcdatamodeld in Sources */ = {isa = PBXBuildFile; fileRef = 35E733C71BF1E35B00815755 /* DMS.xcdatamodeld */; };
		35E733CB1BF1E35B00815755 /* Assets.xcassets in Resources */ = {isa = PBXBuildFile; fileRef = 35E733CA1BF1E35B00815755 /* Assets.xcassets */; };
		35E733CE1BF1E35B00815755 /* LaunchScreen.storyboard in Resources */ = {isa = PBXBuildFile; fileRef = 35E733CC1BF1E35B00815755 /* LaunchScreen.storyboard */; };
		35E733D91BF1E35B00815755 /* DMSTests.swift in Sources */ = {isa = PBXBuildFile; fileRef = 35E733D81BF1E35B00815755 /* DMSTests.swift */; };
		35E733E41BF1E35B00815755 /* DMSUITests.swift in Sources */ = {isa = PBXBuildFile; fileRef = 35E733E31BF1E35B00815755 /* DMSUITests.swift */; };
		35E733F21BF1E3E100815755 /* LoginViewController.swift in Sources */ = {isa = PBXBuildFile; fileRef = 35E733F11BF1E3E100815755 /* LoginViewController.swift */; };
		35E733F41BF1E42B00815755 /* MasterTableViewController.swift in Sources */ = {isa = PBXBuildFile; fileRef = 35E733F31BF1E42B00815755 /* MasterTableViewController.swift */; };
		35E733F61BF1E43600815755 /* DetailTableViewController.swift in Sources */ = {isa = PBXBuildFile; fileRef = 35E733F51BF1E43600815755 /* DetailTableViewController.swift */; };
		35EC01311BF304BC003122F6 /* NotificationController.swift in Sources */ = {isa = PBXBuildFile; fileRef = 35EC01301BF304BC003122F6 /* NotificationController.swift */; };
		35EC01331BF3152B003122F6 /* FormViewController.swift in Sources */ = {isa = PBXBuildFile; fileRef = 35EC01321BF3152B003122F6 /* FormViewController.swift */; };
		35FFFC961BF478E800E134AF /* DocProfileViewController.swift in Sources */ = {isa = PBXBuildFile; fileRef = 35FFFC951BF478E800E134AF /* DocProfileViewController.swift */; };
		35FFFC981BF484BC00E134AF /* LifeCycleViewController.swift in Sources */ = {isa = PBXBuildFile; fileRef = 35FFFC971BF484BC00E134AF /* LifeCycleViewController.swift */; };
		35FFFC9A1BF4850100E134AF /* AuthorViewController.swift in Sources */ = {isa = PBXBuildFile; fileRef = 35FFFC991BF4850100E134AF /* AuthorViewController.swift */; };
		35FFFC9C1BF4853200E134AF /* StageViewController.swift in Sources */ = {isa = PBXBuildFile; fileRef = 35FFFC9B1BF4853200E134AF /* StageViewController.swift */; };
/* End PBXBuildFile section */

/* Begin PBXContainerItemProxy section */
		35E733D51BF1E35B00815755 /* PBXContainerItemProxy */ = {
			isa = PBXContainerItemProxy;
			containerPortal = 35E733B51BF1E35B00815755 /* Project object */;
			proxyType = 1;
			remoteGlobalIDString = 35E733BC1BF1E35B00815755;
			remoteInfo = DMS;
		};
		35E733E01BF1E35B00815755 /* PBXContainerItemProxy */ = {
			isa = PBXContainerItemProxy;
			containerPortal = 35E733B51BF1E35B00815755 /* Project object */;
			proxyType = 1;
			remoteGlobalIDString = 35E733BC1BF1E35B00815755;
			remoteInfo = DMS;
		};
/* End PBXContainerItemProxy section */

/* Begin PBXFileReference section */
		35127D0F1BF8B1060087A170 /* DataPersistence.swift */ = {isa = PBXFileReference; fileEncoding = 4; lastKnownFileType = sourcecode.swift; path = DataPersistence.swift; sourceTree = "<group>"; };
		35127D141BF9E8340087A170 /* TableHelperViewController.swift */ = {isa = PBXFileReference; fileEncoding = 4; lastKnownFileType = sourcecode.swift; path = TableHelperViewController.swift; sourceTree = "<group>"; };
		35127D171BFA4AF60087A170 /* Utility.swift */ = {isa = PBXFileReference; fileEncoding = 4; lastKnownFileType = sourcecode.swift; path = Utility.swift; sourceTree = "<group>"; };
		356368641BFCC84900C1711E /* CategoryLine.swift */ = {isa = PBXFileReference; fileEncoding = 4; lastKnownFileType = sourcecode.swift; path = CategoryLine.swift; sourceTree = "<group>"; };
		35730B5D1BF2542D008277ED /* DetailTableViewCell.swift */ = {isa = PBXFileReference; fileEncoding = 4; lastKnownFileType = sourcecode.swift; path = DetailTableViewCell.swift; sourceTree = "<group>"; };
		357CBBD31BFD875D00EC4775 /* StageTableViewCell.swift */ = {isa = PBXFileReference; fileEncoding = 4; lastKnownFileType = sourcecode.swift; path = StageTableViewCell.swift; sourceTree = "<group>"; };
		357CBBD51BFDAAA600EC4775 /* StageData.swift */ = {isa = PBXFileReference; fileEncoding = 4; lastKnownFileType = sourcecode.swift; path = StageData.swift; sourceTree = "<group>"; };
		3586CBCF1BFC746200EA7977 /* Lifecycle_Category+CoreDataProperties.swift */ = {isa = PBXFileReference; fileEncoding = 4; lastKnownFileType = sourcecode.swift; name = "Lifecycle_Category+CoreDataProperties.swift"; path = "../Lifecycle_Category+CoreDataProperties.swift"; sourceTree = "<group>"; };
		3586CBD01BFC746200EA7977 /* Lifecycle_Category.swift */ = {isa = PBXFileReference; fileEncoding = 4; lastKnownFileType = sourcecode.swift; name = Lifecycle_Category.swift; path = ../Lifecycle_Category.swift; sourceTree = "<group>"; };
		3586CBD11BFC746200EA7977 /* ProductionDocuments+CoreDataProperties.swift */ = {isa = PBXFileReference; fileEncoding = 4; lastKnownFileType = sourcecode.swift; name = "ProductionDocuments+CoreDataProperties.swift"; path = "../ProductionDocuments+CoreDataProperties.swift"; sourceTree = "<group>"; };
		3586CBD21BFC746200EA7977 /* ProductionDocuments.swift */ = {isa = PBXFileReference; fileEncoding = 4; lastKnownFileType = sourcecode.swift; name = ProductionDocuments.swift; path = ../ProductionDocuments.swift; sourceTree = "<group>"; };
		3586CBD31BFC746200EA7977 /* Category+CoreDataProperties.swift */ = {isa = PBXFileReference; fileEncoding = 4; lastKnownFileType = sourcecode.swift; name = "Category+CoreDataProperties.swift"; path = "../Category+CoreDataProperties.swift"; sourceTree = "<group>"; };
		3586CBD41BFC746200EA7977 /* Category.swift */ = {isa = PBXFileReference; fileEncoding = 4; lastKnownFileType = sourcecode.swift; name = Category.swift; path = ../Category.swift; sourceTree = "<group>"; };
		3586CBD51BFC746200EA7977 /* LifeCycle+CoreDataProperties.swift */ = {isa = PBXFileReference; fileEncoding = 4; lastKnownFileType = sourcecode.swift; name = "LifeCycle+CoreDataProperties.swift"; path = "../LifeCycle+CoreDataProperties.swift"; sourceTree = "<group>"; };
		3586CBD61BFC746200EA7977 /* LifeCycle.swift */ = {isa = PBXFileReference; fileEncoding = 4; lastKnownFileType = sourcecode.swift; name = LifeCycle.swift; path = ../LifeCycle.swift; sourceTree = "<group>"; };
		3586CBD71BFC746200EA7977 /* RoutingDetails+CoreDataProperties.swift */ = {isa = PBXFileReference; fileEncoding = 4; lastKnownFileType = sourcecode.swift; name = "RoutingDetails+CoreDataProperties.swift"; path = "../RoutingDetails+CoreDataProperties.swift"; sourceTree = "<group>"; };
		3586CBD81BFC746200EA7977 /* RoutingDetails.swift */ = {isa = PBXFileReference; fileEncoding = 4; lastKnownFileType = sourcecode.swift; name = RoutingDetails.swift; path = ../RoutingDetails.swift; sourceTree = "<group>"; };
		3586CBD91BFC746200EA7977 /* Users_AccessGroup+CoreDataProperties.swift */ = {isa = PBXFileReference; fileEncoding = 4; lastKnownFileType = sourcecode.swift; name = "Users_AccessGroup+CoreDataProperties.swift"; path = "../Users_AccessGroup+CoreDataProperties.swift"; sourceTree = "<group>"; };
		3586CBDA1BFC746200EA7977 /* Users_AccessGroup.swift */ = {isa = PBXFileReference; fileEncoding = 4; lastKnownFileType = sourcecode.swift; name = Users_AccessGroup.swift; path = ../Users_AccessGroup.swift; sourceTree = "<group>"; };
		3586CBDB1BFC746200EA7977 /* Users_Documents+CoreDataProperties.swift */ = {isa = PBXFileReference; fileEncoding = 4; lastKnownFileType = sourcecode.swift; name = "Users_Documents+CoreDataProperties.swift"; path = "../Users_Documents+CoreDataProperties.swift"; sourceTree = "<group>"; };
		3586CBDC1BFC746200EA7977 /* Users_Documents.swift */ = {isa = PBXFileReference; fileEncoding = 4; lastKnownFileType = sourcecode.swift; name = Users_Documents.swift; path = ../Users_Documents.swift; sourceTree = "<group>"; };
		3586CBDD1BFC746200EA7977 /* Users+CoreDataProperties.swift */ = {isa = PBXFileReference; fileEncoding = 4; lastKnownFileType = sourcecode.swift; name = "Users+CoreDataProperties.swift"; path = "../Users+CoreDataProperties.swift"; sourceTree = "<group>"; };
		3586CBDE1BFC746200EA7977 /* Users.swift */ = {isa = PBXFileReference; fileEncoding = 4; lastKnownFileType = sourcecode.swift; name = Users.swift; path = ../Users.swift; sourceTree = "<group>"; };
		3586CBDF1BFC746200EA7977 /* AccessGroup+CoreDataProperties.swift */ = {isa = PBXFileReference; fileEncoding = 4; lastKnownFileType = sourcecode.swift; name = "AccessGroup+CoreDataProperties.swift"; path = "../AccessGroup+CoreDataProperties.swift"; sourceTree = "<group>"; };
		3586CBE01BFC746200EA7977 /* AccessGroup.swift */ = {isa = PBXFileReference; fileEncoding = 4; lastKnownFileType = sourcecode.swift; name = AccessGroup.swift; path = ../AccessGroup.swift; sourceTree = "<group>"; };
		3586CBE11BFC746200EA7977 /* Stages_AccessGroup+CoreDataProperties.swift */ = {isa = PBXFileReference; fileEncoding = 4; lastKnownFileType = sourcecode.swift; name = "Stages_AccessGroup+CoreDataProperties.swift"; path = "../Stages_AccessGroup+CoreDataProperties.swift"; sourceTree = "<group>"; };
		3586CBE21BFC746200EA7977 /* Stages_AccessGroup.swift */ = {isa = PBXFileReference; fileEncoding = 4; lastKnownFileType = sourcecode.swift; name = Stages_AccessGroup.swift; path = ../Stages_AccessGroup.swift; sourceTree = "<group>"; };
		3586CBE31BFC746200EA7977 /* LifeCycle_Stages+CoreDataProperties.swift */ = {isa = PBXFileReference; fileEncoding = 4; lastKnownFileType = sourcecode.swift; name = "LifeCycle_Stages+CoreDataProperties.swift"; path = "../LifeCycle_Stages+CoreDataProperties.swift"; sourceTree = "<group>"; };
		3586CBE41BFC746200EA7977 /* LifeCycle_Stages.swift */ = {isa = PBXFileReference; fileEncoding = 4; lastKnownFileType = sourcecode.swift; name = LifeCycle_Stages.swift; path = ../LifeCycle_Stages.swift; sourceTree = "<group>"; };
		35D9E9591BF4F8F9009E531B /* DocViewerController.swift */ = {isa = PBXFileReference; fileEncoding = 4; lastKnownFileType = sourcecode.swift; path = DocViewerController.swift; sourceTree = "<group>"; };
		35D9E95B1BF4FE76009E531B /* finance.pdf */ = {isa = PBXFileReference; lastKnownFileType = image.pdf; name = finance.pdf; path = ../../../../Desktop/icons/finance.pdf; sourceTree = "<group>"; };
		35D9E95F1BF5035B009E531B /* InfoTableViewController.swift */ = {isa = PBXFileReference; fileEncoding = 4; lastKnownFileType = sourcecode.swift; path = InfoTableViewController.swift; sourceTree = "<group>"; };
		35E733BD1BF1E35B00815755 /* DMS.app */ = {isa = PBXFileReference; explicitFileType = wrapper.application; includeInIndex = 0; path = DMS.app; sourceTree = BUILT_PRODUCTS_DIR; };
		35E733C01BF1E35B00815755 /* AppDelegate.swift */ = {isa = PBXFileReference; lastKnownFileType = sourcecode.swift; path = AppDelegate.swift; sourceTree = "<group>"; };
		35E733C51BF1E35B00815755 /* Base */ = {isa = PBXFileReference; lastKnownFileType = file.storyboard; name = Base; path = Base.lproj/Main.storyboard; sourceTree = "<group>"; };
		35E733C81BF1E35B00815755 /* DMS.xcdatamodel */ = {isa = PBXFileReference; lastKnownFileType = wrapper.xcdatamodel; path = DMS.xcdatamodel; sourceTree = "<group>"; };
		35E733CA1BF1E35B00815755 /* Assets.xcassets */ = {isa = PBXFileReference; lastKnownFileType = folder.assetcatalog; path = Assets.xcassets; sourceTree = "<group>"; };
		35E733CD1BF1E35B00815755 /* Base */ = {isa = PBXFileReference; lastKnownFileType = file.storyboard; name = Base; path = Base.lproj/LaunchScreen.storyboard; sourceTree = "<group>"; };
		35E733CF1BF1E35B00815755 /* Info.plist */ = {isa = PBXFileReference; lastKnownFileType = text.plist.xml; path = Info.plist; sourceTree = "<group>"; };
		35E733D41BF1E35B00815755 /* DMSTests.xctest */ = {isa = PBXFileReference; explicitFileType = wrapper.cfbundle; includeInIndex = 0; path = DMSTests.xctest; sourceTree = BUILT_PRODUCTS_DIR; };
		35E733D81BF1E35B00815755 /* DMSTests.swift */ = {isa = PBXFileReference; lastKnownFileType = sourcecode.swift; path = DMSTests.swift; sourceTree = "<group>"; };
		35E733DA1BF1E35B00815755 /* Info.plist */ = {isa = PBXFileReference; lastKnownFileType = text.plist.xml; path = Info.plist; sourceTree = "<group>"; };
		35E733DF1BF1E35B00815755 /* DMSUITests.xctest */ = {isa = PBXFileReference; explicitFileType = wrapper.cfbundle; includeInIndex = 0; path = DMSUITests.xctest; sourceTree = BUILT_PRODUCTS_DIR; };
		35E733E31BF1E35B00815755 /* DMSUITests.swift */ = {isa = PBXFileReference; lastKnownFileType = sourcecode.swift; path = DMSUITests.swift; sourceTree = "<group>"; };
		35E733E51BF1E35B00815755 /* Info.plist */ = {isa = PBXFileReference; lastKnownFileType = text.plist.xml; path = Info.plist; sourceTree = "<group>"; };
		35E733F11BF1E3E100815755 /* LoginViewController.swift */ = {isa = PBXFileReference; fileEncoding = 4; lastKnownFileType = sourcecode.swift; path = LoginViewController.swift; sourceTree = "<group>"; };
		35E733F31BF1E42B00815755 /* MasterTableViewController.swift */ = {isa = PBXFileReference; fileEncoding = 4; lastKnownFileType = sourcecode.swift; path = MasterTableViewController.swift; sourceTree = "<group>"; };
		35E733F51BF1E43600815755 /* DetailTableViewController.swift */ = {isa = PBXFileReference; fileEncoding = 4; lastKnownFileType = sourcecode.swift; path = DetailTableViewController.swift; sourceTree = "<group>"; };
		35EC01301BF304BC003122F6 /* NotificationController.swift */ = {isa = PBXFileReference; fileEncoding = 4; lastKnownFileType = sourcecode.swift; path = NotificationController.swift; sourceTree = "<group>"; };
		35EC01321BF3152B003122F6 /* FormViewController.swift */ = {isa = PBXFileReference; fileEncoding = 4; lastKnownFileType = sourcecode.swift; path = FormViewController.swift; sourceTree = "<group>"; };
		35FFFC951BF478E800E134AF /* DocProfileViewController.swift */ = {isa = PBXFileReference; fileEncoding = 4; lastKnownFileType = sourcecode.swift; path = DocProfileViewController.swift; sourceTree = "<group>"; };
		35FFFC971BF484BC00E134AF /* LifeCycleViewController.swift */ = {isa = PBXFileReference; fileEncoding = 4; lastKnownFileType = sourcecode.swift; path = LifeCycleViewController.swift; sourceTree = "<group>"; };
		35FFFC991BF4850100E134AF /* AuthorViewController.swift */ = {isa = PBXFileReference; fileEncoding = 4; lastKnownFileType = sourcecode.swift; path = AuthorViewController.swift; sourceTree = "<group>"; };
		35FFFC9B1BF4853200E134AF /* StageViewController.swift */ = {isa = PBXFileReference; fileEncoding = 4; lastKnownFileType = sourcecode.swift; path = StageViewController.swift; sourceTree = "<group>"; };
/* End PBXFileReference section */

/* Begin PBXFrameworksBuildPhase section */
		35E733BA1BF1E35B00815755 /* Frameworks */ = {
			isa = PBXFrameworksBuildPhase;
			buildActionMask = 2147483647;
			files = (
			);
			runOnlyForDeploymentPostprocessing = 0;
		};
		35E733D11BF1E35B00815755 /* Frameworks */ = {
			isa = PBXFrameworksBuildPhase;
			buildActionMask = 2147483647;
			files = (
			);
			runOnlyForDeploymentPostprocessing = 0;
		};
		35E733DC1BF1E35B00815755 /* Frameworks */ = {
			isa = PBXFrameworksBuildPhase;
			buildActionMask = 2147483647;
			files = (
			);
			runOnlyForDeploymentPostprocessing = 0;
		};
/* End PBXFrameworksBuildPhase section */

/* Begin PBXGroup section */
		35127D0D1BF8B05D0087A170 /* New Group */ = {
			isa = PBXGroup;
			children = (
				35E733BF1BF1E35B00815755 /* DMS */,
			);
			name = "New Group";
			sourceTree = "<group>";
		};
		35127D0E1BF8B0E30087A170 /* CoreDataMethods */ = {
			isa = PBXGroup;
			children = (
				35127D0F1BF8B1060087A170 /* DataPersistence.swift */,
			);
			name = CoreDataMethods;
			sourceTree = "<group>";
		};
		35127D161BFA4AE90087A170 /* Utility */ = {
			isa = PBXGroup;
			children = (
				35127D171BFA4AF60087A170 /* Utility.swift */,
			);
			name = Utility;
			sourceTree = "<group>";
		};
		35730B541BF24C4E008277ED /* Modal */ = {
			isa = PBXGroup;
			children = (
				356368641BFCC84900C1711E /* CategoryLine.swift */,
				357CBBD51BFDAAA600EC4775 /* StageData.swift */,
			);
			name = Modal;
			sourceTree = "<group>";
		};
		35730B591BF25352008277ED /* controller */ = {
			isa = PBXGroup;
			children = (
				35FFFC9D1BF4855300E134AF /* ContainerControllers */,
				35E733F11BF1E3E100815755 /* LoginViewController.swift */,
				35E733F31BF1E42B00815755 /* MasterTableViewController.swift */,
				35E733F51BF1E43600815755 /* DetailTableViewController.swift */,
				35EC01301BF304BC003122F6 /* NotificationController.swift */,
				35EC01321BF3152B003122F6 /* FormViewController.swift */,
				35D9E9591BF4F8F9009E531B /* DocViewerController.swift */,
				35D9E95F1BF5035B009E531B /* InfoTableViewController.swift */,
				35127D141BF9E8340087A170 /* TableHelperViewController.swift */,
			);
			name = controller;
			sourceTree = "<group>";
		};
		35730B5A1BF2535F008277ED /* Delgate */ = {
			isa = PBXGroup;
			children = (
				35E733C01BF1E35B00815755 /* AppDelegate.swift */,
			);
			name = Delgate;
			sourceTree = "<group>";
		};
		35730B5B1BF253E3008277ED /* storyboard */ = {
			isa = PBXGroup;
			children = (
				35E733C41BF1E35B00815755 /* Main.storyboard */,
			);
			name = storyboard;
			sourceTree = "<group>";
		};
		35730B5C1BF25417008277ED /* views */ = {
			isa = PBXGroup;
			children = (
				35730B5D1BF2542D008277ED /* DetailTableViewCell.swift */,
				357CBBD31BFD875D00EC4775 /* StageTableViewCell.swift */,
			);
			name = views;
			sourceTree = "<group>";
		};
		3586CBA21BFC4B7500EA7977 /* ManagedObjects */ = {
			isa = PBXGroup;
			children = (
				3586CBCF1BFC746200EA7977 /* Lifecycle_Category+CoreDataProperties.swift */,
				3586CBD01BFC746200EA7977 /* Lifecycle_Category.swift */,
				3586CBD11BFC746200EA7977 /* ProductionDocuments+CoreDataProperties.swift */,
				3586CBD21BFC746200EA7977 /* ProductionDocuments.swift */,
				3586CBD31BFC746200EA7977 /* Category+CoreDataProperties.swift */,
				3586CBD41BFC746200EA7977 /* Category.swift */,
				3586CBD51BFC746200EA7977 /* LifeCycle+CoreDataProperties.swift */,
				3586CBD61BFC746200EA7977 /* LifeCycle.swift */,
				3586CBD71BFC746200EA7977 /* RoutingDetails+CoreDataProperties.swift */,
				3586CBD81BFC746200EA7977 /* RoutingDetails.swift */,
				3586CBD91BFC746200EA7977 /* Users_AccessGroup+CoreDataProperties.swift */,
				3586CBDA1BFC746200EA7977 /* Users_AccessGroup.swift */,
				3586CBDB1BFC746200EA7977 /* Users_Documents+CoreDataProperties.swift */,
				3586CBDC1BFC746200EA7977 /* Users_Documents.swift */,
				3586CBDD1BFC746200EA7977 /* Users+CoreDataProperties.swift */,
				3586CBDE1BFC746200EA7977 /* Users.swift */,
				3586CBDF1BFC746200EA7977 /* AccessGroup+CoreDataProperties.swift */,
				3586CBE01BFC746200EA7977 /* AccessGroup.swift */,
				3586CBE11BFC746200EA7977 /* Stages_AccessGroup+CoreDataProperties.swift */,
				3586CBE21BFC746200EA7977 /* Stages_AccessGroup.swift */,
				3586CBE31BFC746200EA7977 /* LifeCycle_Stages+CoreDataProperties.swift */,
				3586CBE41BFC746200EA7977 /* LifeCycle_Stages.swift */,
			);
			name = ManagedObjects;
			sourceTree = "<group>";
		};
		35ABA7151BF76F26000283FD /* resources */ = {
			isa = PBXGroup;
			children = (
				35D9E95B1BF4FE76009E531B /* finance.pdf */,
			);
			name = resources;
			sourceTree = "<group>";
		};
		35E733B41BF1E35B00815755 = {
			isa = PBXGroup;
			children = (
				35127D0D1BF8B05D0087A170 /* New Group */,
				35E733D71BF1E35B00815755 /* DMSTests */,
				35E733E21BF1E35B00815755 /* DMSUITests */,
				35E733BE1BF1E35B00815755 /* Products */,
			);
			sourceTree = "<group>";
		};
		35E733BE1BF1E35B00815755 /* Products */ = {
			isa = PBXGroup;
			children = (
				35E733BD1BF1E35B00815755 /* DMS.app */,
				35E733D41BF1E35B00815755 /* DMSTests.xctest */,
				35E733DF1BF1E35B00815755 /* DMSUITests.xctest */,
			);
			name = Products;
			sourceTree = "<group>";
		};
		35E733BF1BF1E35B00815755 /* DMS */ = {
			isa = PBXGroup;
			children = (
				3586CBA21BFC4B7500EA7977 /* ManagedObjects */,
				35127D161BFA4AE90087A170 /* Utility */,
				35127D0E1BF8B0E30087A170 /* CoreDataMethods */,
				35ABA7151BF76F26000283FD /* resources */,
				35730B5C1BF25417008277ED /* views */,
				35730B5B1BF253E3008277ED /* storyboard */,
				35730B5A1BF2535F008277ED /* Delgate */,
				35730B591BF25352008277ED /* controller */,
				35730B541BF24C4E008277ED /* Modal */,
				35E733CA1BF1E35B00815755 /* Assets.xcassets */,
				35E733CC1BF1E35B00815755 /* LaunchScreen.storyboard */,
				35E733CF1BF1E35B00815755 /* Info.plist */,
				35E733C71BF1E35B00815755 /* DMS.xcdatamodeld */,
			);
			path = DMS;
			sourceTree = "<group>";
		};
		35E733D71BF1E35B00815755 /* DMSTests */ = {
			isa = PBXGroup;
			children = (
				35E733D81BF1E35B00815755 /* DMSTests.swift */,
				35E733DA1BF1E35B00815755 /* Info.plist */,
			);
			path = DMSTests;
			sourceTree = "<group>";
		};
		35E733E21BF1E35B00815755 /* DMSUITests */ = {
			isa = PBXGroup;
			children = (
				35E733E31BF1E35B00815755 /* DMSUITests.swift */,
				35E733E51BF1E35B00815755 /* Info.plist */,
			);
			path = DMSUITests;
			sourceTree = "<group>";
		};
		35FFFC9D1BF4855300E134AF /* ContainerControllers */ = {
			isa = PBXGroup;
			children = (
				35FFFC951BF478E800E134AF /* DocProfileViewController.swift */,
				35FFFC971BF484BC00E134AF /* LifeCycleViewController.swift */,
				35FFFC991BF4850100E134AF /* AuthorViewController.swift */,
				35FFFC9B1BF4853200E134AF /* StageViewController.swift */,
			);
			name = ContainerControllers;
			sourceTree = "<group>";
		};
/* End PBXGroup section */

/* Begin PBXNativeTarget section */
		35E733BC1BF1E35B00815755 /* DMS */ = {
			isa = PBXNativeTarget;
			buildConfigurationList = 35E733E81BF1E35B00815755 /* Build configuration list for PBXNativeTarget "DMS" */;
			buildPhases = (
				35E733B91BF1E35B00815755 /* Sources */,
				35E733BA1BF1E35B00815755 /* Frameworks */,
				35E733BB1BF1E35B00815755 /* Resources */,
			);
			buildRules = (
			);
			dependencies = (
			);
			name = DMS;
			productName = DMS;
			productReference = 35E733BD1BF1E35B00815755 /* DMS.app */;
			productType = "com.apple.product-type.application";
		};
		35E733D31BF1E35B00815755 /* DMSTests */ = {
			isa = PBXNativeTarget;
			buildConfigurationList = 35E733EB1BF1E35B00815755 /* Build configuration list for PBXNativeTarget "DMSTests" */;
			buildPhases = (
				35E733D01BF1E35B00815755 /* Sources */,
				35E733D11BF1E35B00815755 /* Frameworks */,
				35E733D21BF1E35B00815755 /* Resources */,
			);
			buildRules = (
			);
			dependencies = (
				35E733D61BF1E35B00815755 /* PBXTargetDependency */,
			);
			name = DMSTests;
			productName = DMSTests;
			productReference = 35E733D41BF1E35B00815755 /* DMSTests.xctest */;
			productType = "com.apple.product-type.bundle.unit-test";
		};
		35E733DE1BF1E35B00815755 /* DMSUITests */ = {
			isa = PBXNativeTarget;
			buildConfigurationList = 35E733EE1BF1E35B00815755 /* Build configuration list for PBXNativeTarget "DMSUITests" */;
			buildPhases = (
				35E733DB1BF1E35B00815755 /* Sources */,
				35E733DC1BF1E35B00815755 /* Frameworks */,
				35E733DD1BF1E35B00815755 /* Resources */,
			);
			buildRules = (
			);
			dependencies = (
				35E733E11BF1E35B00815755 /* PBXTargetDependency */,
			);
			name = DMSUITests;
			productName = DMSUITests;
			productReference = 35E733DF1BF1E35B00815755 /* DMSUITests.xctest */;
			productType = "com.apple.product-type.bundle.ui-testing";
		};
/* End PBXNativeTarget section */

/* Begin PBXProject section */
		35E733B51BF1E35B00815755 /* Project object */ = {
			isa = PBXProject;
			attributes = {
				LastSwiftUpdateCheck = 0710;
				LastUpgradeCheck = 0700;
				ORGANIZATIONNAME = metricstream;
				TargetAttributes = {
					35E733BC1BF1E35B00815755 = {
						CreatedOnToolsVersion = 7.0.1;
					};
					35E733D31BF1E35B00815755 = {
						CreatedOnToolsVersion = 7.0.1;
						TestTargetID = 35E733BC1BF1E35B00815755;
					};
					35E733DE1BF1E35B00815755 = {
						CreatedOnToolsVersion = 7.0.1;
						TestTargetID = 35E733BC1BF1E35B00815755;
					};
				};
			};
			buildConfigurationList = 35E733B81BF1E35B00815755 /* Build configuration list for PBXProject "DMS" */;
			compatibilityVersion = "Xcode 3.2";
			developmentRegion = English;
			hasScannedForEncodings = 0;
			knownRegions = (
				en,
				Base,
			);
			mainGroup = 35E733B41BF1E35B00815755;
			productRefGroup = 35E733BE1BF1E35B00815755 /* Products */;
			projectDirPath = "";
			projectRoot = "";
			targets = (
				35E733BC1BF1E35B00815755 /* DMS */,
				35E733D31BF1E35B00815755 /* DMSTests */,
				35E733DE1BF1E35B00815755 /* DMSUITests */,
			);
		};
/* End PBXProject section */

/* Begin PBXResourcesBuildPhase section */
		35E733BB1BF1E35B00815755 /* Resources */ = {
			isa = PBXResourcesBuildPhase;
			buildActionMask = 2147483647;
			files = (
				35E733CE1BF1E35B00815755 /* LaunchScreen.storyboard in Resources */,
				35E733CB1BF1E35B00815755 /* Assets.xcassets in Resources */,
				35E733C61BF1E35B00815755 /* Main.storyboard in Resources */,
				35D9E95C1BF4FE76009E531B /* finance.pdf in Resources */,
			);
			runOnlyForDeploymentPostprocessing = 0;
		};
		35E733D21BF1E35B00815755 /* Resources */ = {
			isa = PBXResourcesBuildPhase;
			buildActionMask = 2147483647;
			files = (
			);
			runOnlyForDeploymentPostprocessing = 0;
		};
		35E733DD1BF1E35B00815755 /* Resources */ = {
			isa = PBXResourcesBuildPhase;
			buildActionMask = 2147483647;
			files = (
			);
			runOnlyForDeploymentPostprocessing = 0;
		};
/* End PBXResourcesBuildPhase section */

/* Begin PBXSourcesBuildPhase section */
		35E733B91BF1E35B00815755 /* Sources */ = {
			isa = PBXSourcesBuildPhase;
			buildActionMask = 2147483647;
			files = (
				357CBBD61BFDAAA600EC4775 /* StageData.swift in Sources */,
				35E733F21BF1E3E100815755 /* LoginViewController.swift in Sources */,
				3586CBF11BFC746200EA7977 /* Users_Documents+CoreDataProperties.swift in Sources */,
				3586CBEC1BFC746200EA7977 /* LifeCycle.swift in Sources */,
				35FFFC9C1BF4853200E134AF /* StageViewController.swift in Sources */,
				3586CBFA1BFC746200EA7977 /* LifeCycle_Stages.swift in Sources */,
				3586CBE61BFC746200EA7977 /* Lifecycle_Category.swift in Sources */,
				357CBBD41BFD875D00EC4775 /* StageTableViewCell.swift in Sources */,
				3586CBF21BFC746200EA7977 /* Users_Documents.swift in Sources */,
				3586CBE51BFC746200EA7977 /* Lifecycle_Category+CoreDataProperties.swift in Sources */,
				35E733F61BF1E43600815755 /* DetailTableViewController.swift in Sources */,
				35730B5E1BF2542D008277ED /* DetailTableViewCell.swift in Sources */,
				35FFFC981BF484BC00E134AF /* LifeCycleViewController.swift in Sources */,
				3586CBF81BFC746200EA7977 /* Stages_AccessGroup.swift in Sources */,
				3586CBE91BFC746200EA7977 /* Category+CoreDataProperties.swift in Sources */,
				3586CBEE1BFC746200EA7977 /* RoutingDetails.swift in Sources */,
				3586CBEB1BFC746200EA7977 /* LifeCycle+CoreDataProperties.swift in Sources */,
				3586CBF51BFC746200EA7977 /* AccessGroup+CoreDataProperties.swift in Sources */,
				35E733F41BF1E42B00815755 /* MasterTableViewController.swift in Sources */,
				3586CBED1BFC746200EA7977 /* RoutingDetails+CoreDataProperties.swift in Sources */,
				35127D181BFA4AF60087A170 /* Utility.swift in Sources */,
				3586CBF31BFC746200EA7977 /* Users+CoreDataProperties.swift in Sources */,
				3586CBF71BFC746200EA7977 /* Stages_AccessGroup+CoreDataProperties.swift in Sources */,
				356368651BFCC84900C1711E /* CategoryLine.swift in Sources */,
				35D9E95A1BF4F8F9009E531B /* DocViewerController.swift in Sources */,
				3586CBF91BFC746200EA7977 /* LifeCycle_Stages+CoreDataProperties.swift in Sources */,
				35FFFC9A1BF4850100E134AF /* AuthorViewController.swift in Sources */,
				3586CBE81BFC746200EA7977 /* ProductionDocuments.swift in Sources */,
				3586CBE71BFC746200EA7977 /* ProductionDocuments+CoreDataProperties.swift in Sources */,
				35E733C91BF1E35B00815755 /* DMS.xcdatamodeld in Sources */,
				35127D151BF9E8340087A170 /* TableHelperViewController.swift in Sources */,
				3586CBEF1BFC746200EA7977 /* Users_AccessGroup+CoreDataProperties.swift in Sources */,
				3586CBF61BFC746200EA7977 /* AccessGroup.swift in Sources */,
				3586CBEA1BFC746200EA7977 /* Category.swift in Sources */,
				35127D101BF8B1060087A170 /* DataPersistence.swift in Sources */,
				3586CBF01BFC746200EA7977 /* Users_AccessGroup.swift in Sources */,
				3586CBF41BFC746200EA7977 /* Users.swift in Sources */,
				35E733C11BF1E35B00815755 /* AppDelegate.swift in Sources */,
				35FFFC961BF478E800E134AF /* DocProfileViewController.swift in Sources */,
				35D9E9601BF5035B009E531B /* InfoTableViewController.swift in Sources */,
				35EC01311BF304BC003122F6 /* NotificationController.swift in Sources */,
				35EC01331BF3152B003122F6 /* FormViewController.swift in Sources */,
			);
			runOnlyForDeploymentPostprocessing = 0;
		};
		35E733D01BF1E35B00815755 /* Sources */ = {
			isa = PBXSourcesBuildPhase;
			buildActionMask = 2147483647;
			files = (
				35E733D91BF1E35B00815755 /* DMSTests.swift in Sources */,
			);
			runOnlyForDeploymentPostprocessing = 0;
		};
		35E733DB1BF1E35B00815755 /* Sources */ = {
			isa = PBXSourcesBuildPhase;
			buildActionMask = 2147483647;
			files = (
				35E733E41BF1E35B00815755 /* DMSUITests.swift in Sources */,
			);
			runOnlyForDeploymentPostprocessing = 0;
		};
/* End PBXSourcesBuildPhase section */

/* Begin PBXTargetDependency section */
		35E733D61BF1E35B00815755 /* PBXTargetDependency */ = {
			isa = PBXTargetDependency;
			target = 35E733BC1BF1E35B00815755 /* DMS */;
			targetProxy = 35E733D51BF1E35B00815755 /* PBXContainerItemProxy */;
		};
		35E733E11BF1E35B00815755 /* PBXTargetDependency */ = {
			isa = PBXTargetDependency;
			target = 35E733BC1BF1E35B00815755 /* DMS */;
			targetProxy = 35E733E01BF1E35B00815755 /* PBXContainerItemProxy */;
		};
/* End PBXTargetDependency section */

/* Begin PBXVariantGroup section */
		35E733C41BF1E35B00815755 /* Main.storyboard */ = {
			isa = PBXVariantGroup;
			children = (
				35E733C51BF1E35B00815755 /* Base */,
			);
			name = Main.storyboard;
			sourceTree = "<group>";
		};
		35E733CC1BF1E35B00815755 /* LaunchScreen.storyboard */ = {
			isa = PBXVariantGroup;
			children = (
				35E733CD1BF1E35B00815755 /* Base */,
			);
			name = LaunchScreen.storyboard;
			sourceTree = "<group>";
		};
/* End PBXVariantGroup section */

/* Begin XCBuildConfiguration section */
		35E733E61BF1E35B00815755 /* Debug */ = {
			isa = XCBuildConfiguration;
			buildSettings = {
				ALWAYS_SEARCH_USER_PATHS = NO;
				CLANG_CXX_LANGUAGE_STANDARD = "gnu++0x";
				CLANG_CXX_LIBRARY = "libc++";
				CLANG_ENABLE_MODULES = YES;
				CLANG_ENABLE_OBJC_ARC = YES;
				CLANG_WARN_BOOL_CONVERSION = YES;
				CLANG_WARN_CONSTANT_CONVERSION = YES;
				CLANG_WARN_DIRECT_OBJC_ISA_USAGE = YES_ERROR;
				CLANG_WARN_EMPTY_BODY = YES;
				CLANG_WARN_ENUM_CONVERSION = YES;
				CLANG_WARN_INT_CONVERSION = YES;
				CLANG_WARN_OBJC_ROOT_CLASS = YES_ERROR;
				CLANG_WARN_UNREACHABLE_CODE = YES;
				CLANG_WARN__DUPLICATE_METHOD_MATCH = YES;
				"CODE_SIGN_IDENTITY[sdk=iphoneos*]" = "iPhone Developer";
				COPY_PHASE_STRIP = NO;
				DEBUG_INFORMATION_FORMAT = dwarf;
				ENABLE_STRICT_OBJC_MSGSEND = YES;
				ENABLE_TESTABILITY = YES;
				GCC_C_LANGUAGE_STANDARD = gnu99;
				GCC_DYNAMIC_NO_PIC = NO;
				GCC_NO_COMMON_BLOCKS = YES;
				GCC_OPTIMIZATION_LEVEL = 0;
				GCC_PREPROCESSOR_DEFINITIONS = (
					"DEBUG=1",
					"$(inherited)",
				);
				GCC_WARN_64_TO_32_BIT_CONVERSION = YES;
				GCC_WARN_ABOUT_RETURN_TYPE = YES_ERROR;
				GCC_WARN_UNDECLARED_SELECTOR = YES;
				GCC_WARN_UNINITIALIZED_AUTOS = YES_AGGRESSIVE;
				GCC_WARN_UNUSED_FUNCTION = YES;
				GCC_WARN_UNUSED_VARIABLE = YES;
				IPHONEOS_DEPLOYMENT_TARGET = 9.0;
				MTL_ENABLE_DEBUG_INFO = YES;
				ONLY_ACTIVE_ARCH = YES;
				SDKROOT = iphoneos;
				SWIFT_OPTIMIZATION_LEVEL = "-Onone";
				TARGETED_DEVICE_FAMILY = "1,2";
			};
			name = Debug;
		};
		35E733E71BF1E35B00815755 /* Release */ = {
			isa = XCBuildConfiguration;
			buildSettings = {
				ALWAYS_SEARCH_USER_PATHS = NO;
				CLANG_CXX_LANGUAGE_STANDARD = "gnu++0x";
				CLANG_CXX_LIBRARY = "libc++";
				CLANG_ENABLE_MODULES = YES;
				CLANG_ENABLE_OBJC_ARC = YES;
				CLANG_WARN_BOOL_CONVERSION = YES;
				CLANG_WARN_CONSTANT_CONVERSION = YES;
				CLANG_WARN_DIRECT_OBJC_ISA_USAGE = YES_ERROR;
				CLANG_WARN_EMPTY_BODY = YES;
				CLANG_WARN_ENUM_CONVERSION = YES;
				CLANG_WARN_INT_CONVERSION = YES;
				CLANG_WARN_OBJC_ROOT_CLASS = YES_ERROR;
				CLANG_WARN_UNREACHABLE_CODE = YES;
				CLANG_WARN__DUPLICATE_METHOD_MATCH = YES;
				"CODE_SIGN_IDENTITY[sdk=iphoneos*]" = "iPhone Developer";
				COPY_PHASE_STRIP = NO;
				DEBUG_INFORMATION_FORMAT = "dwarf-with-dsym";
				ENABLE_NS_ASSERTIONS = NO;
				ENABLE_STRICT_OBJC_MSGSEND = YES;
				GCC_C_LANGUAGE_STANDARD = gnu99;
				GCC_NO_COMMON_BLOCKS = YES;
				GCC_WARN_64_TO_32_BIT_CONVERSION = YES;
				GCC_WARN_ABOUT_RETURN_TYPE = YES_ERROR;
				GCC_WARN_UNDECLARED_SELECTOR = YES;
				GCC_WARN_UNINITIALIZED_AUTOS = YES_AGGRESSIVE;
				GCC_WARN_UNUSED_FUNCTION = YES;
				GCC_WARN_UNUSED_VARIABLE = YES;
				IPHONEOS_DEPLOYMENT_TARGET = 9.0;
				MTL_ENABLE_DEBUG_INFO = NO;
				SDKROOT = iphoneos;
				TARGETED_DEVICE_FAMILY = "1,2";
				VALIDATE_PRODUCT = YES;
			};
			name = Release;
		};
		35E733E91BF1E35B00815755 /* Debug */ = {
			isa = XCBuildConfiguration;
			buildSettings = {
				ASSETCATALOG_COMPILER_APPICON_NAME = AppIcon;
				CLANG_ENABLE_MODULES = YES;
				INFOPLIST_FILE = DMS/Info.plist;
				LD_RUNPATH_SEARCH_PATHS = "$(inherited) @executable_path/Frameworks";
				PRODUCT_BUNDLE_IDENTIFIER = com.metricstream.DMS;
				PRODUCT_NAME = "$(TARGET_NAME)";
				SWIFT_OPTIMIZATION_LEVEL = "-Onone";
			};
			name = Debug;
		};
		35E733EA1BF1E35B00815755 /* Release */ = {
			isa = XCBuildConfiguration;
			buildSettings = {
				ASSETCATALOG_COMPILER_APPICON_NAME = AppIcon;
				CLANG_ENABLE_MODULES = YES;
				INFOPLIST_FILE = DMS/Info.plist;
				LD_RUNPATH_SEARCH_PATHS = "$(inherited) @executable_path/Frameworks";
				PRODUCT_BUNDLE_IDENTIFIER = com.metricstream.DMS;
				PRODUCT_NAME = "$(TARGET_NAME)";
			};
			name = Release;
		};
		35E733EC1BF1E35B00815755 /* Debug */ = {
			isa = XCBuildConfiguration;
			buildSettings = {
				BUNDLE_LOADER = "$(TEST_HOST)";
				INFOPLIST_FILE = DMSTests/Info.plist;
				LD_RUNPATH_SEARCH_PATHS = "$(inherited) @executable_path/Frameworks @loader_path/Frameworks";
				PRODUCT_BUNDLE_IDENTIFIER = com.metricstream.DMSTests;
				PRODUCT_NAME = "$(TARGET_NAME)";
				TEST_HOST = "$(BUILT_PRODUCTS_DIR)/DMS.app/DMS";
			};
			name = Debug;
		};
		35E733ED1BF1E35B00815755 /* Release */ = {
			isa = XCBuildConfiguration;
			buildSettings = {
				BUNDLE_LOADER = "$(TEST_HOST)";
				INFOPLIST_FILE = DMSTests/Info.plist;
				LD_RUNPATH_SEARCH_PATHS = "$(inherited) @executable_path/Frameworks @loader_path/Frameworks";
				PRODUCT_BUNDLE_IDENTIFIER = com.metricstream.DMSTests;
				PRODUCT_NAME = "$(TARGET_NAME)";
				TEST_HOST = "$(BUILT_PRODUCTS_DIR)/DMS.app/DMS";
			};
			name = Release;
		};
		35E733EF1BF1E35B00815755 /* Debug */ = {
			isa = XCBuildConfiguration;
			buildSettings = {
				INFOPLIST_FILE = DMSUITests/Info.plist;
				LD_RUNPATH_SEARCH_PATHS = "$(inherited) @executable_path/Frameworks @loader_path/Frameworks";
				PRODUCT_BUNDLE_IDENTIFIER = com.metricstream.DMSUITests;
				PRODUCT_NAME = "$(TARGET_NAME)";
				TEST_TARGET_NAME = DMS;
				USES_XCTRUNNER = YES;
			};
			name = Debug;
		};
		35E733F01BF1E35B00815755 /* Release */ = {
			isa = XCBuildConfiguration;
			buildSettings = {
				INFOPLIST_FILE = DMSUITests/Info.plist;
				LD_RUNPATH_SEARCH_PATHS = "$(inherited) @executable_path/Frameworks @loader_path/Frameworks";
				PRODUCT_BUNDLE_IDENTIFIER = com.metricstream.DMSUITests;
				PRODUCT_NAME = "$(TARGET_NAME)";
				TEST_TARGET_NAME = DMS;
				USES_XCTRUNNER = YES;
			};
			name = Release;
		};
/* End XCBuildConfiguration section */

/* Begin XCConfigurationList section */
		35E733B81BF1E35B00815755 /* Build configuration list for PBXProject "DMS" */ = {
			isa = XCConfigurationList;
			buildConfigurations = (
				35E733E61BF1E35B00815755 /* Debug */,
				35E733E71BF1E35B00815755 /* Release */,
			);
			defaultConfigurationIsVisible = 0;
			defaultConfigurationName = Release;
		};
		35E733E81BF1E35B00815755 /* Build configuration list for PBXNativeTarget "DMS" */ = {
			isa = XCConfigurationList;
			buildConfigurations = (
				35E733E91BF1E35B00815755 /* Debug */,
				35E733EA1BF1E35B00815755 /* Release */,
			);
			defaultConfigurationIsVisible = 0;
			defaultConfigurationName = Release;
		};
		35E733EB1BF1E35B00815755 /* Build configuration list for PBXNativeTarget "DMSTests" */ = {
			isa = XCConfigurationList;
			buildConfigurations = (
				35E733EC1BF1E35B00815755 /* Debug */,
				35E733ED1BF1E35B00815755 /* Release */,
			);
			defaultConfigurationIsVisible = 0;
			defaultConfigurationName = Release;
		};
		35E733EE1BF1E35B00815755 /* Build configuration list for PBXNativeTarget "DMSUITests" */ = {
			isa = XCConfigurationList;
			buildConfigurations = (
				35E733EF1BF1E35B00815755 /* Debug */,
				35E733F01BF1E35B00815755 /* Release */,
			);
			defaultConfigurationIsVisible = 0;
			defaultConfigurationName = Release;
		};
/* End XCConfigurationList section */

/* Begin XCVersionGroup section */
		35E733C71BF1E35B00815755 /* DMS.xcdatamodeld */ = {
			isa = XCVersionGroup;
			children = (
				35E733C81BF1E35B00815755 /* DMS.xcdatamodel */,
			);
			currentVersion = 35E733C81BF1E35B00815755 /* DMS.xcdatamodel */;
			path = DMS.xcdatamodeld;
			sourceTree = "<group>";
			versionGroupType = wrapper.xcdatamodel;
		};
/* End XCVersionGroup section */
	};
	rootObject = 35E733B51BF1E35B00815755 /* Project object */;
}
